
Microsoft Visual Studio Solution File, Format Version 12.00
# Visual Studio 2013
VisualStudioVersion = 12.0.31101.0
MinimumVisualStudioVersion = 10.0.40219.1
Project("{FAE04EC0-301F-11D3-BF4B-00C04F79EFBC}") = "ArraysDS", "ArraysDS\ArraysDS.csproj", "{07306C2C-3D72-418A-ABB3-1DB6430E0DA0}"
EndProject
Project("{FAE04EC0-301F-11D3-BF4B-00C04F79EFBC}") = "2DArrayDS", "2DArrayDS\2DArrayDS.csproj", "{266AB26D-39E5-44BC-89D1-2D3B65773AB7}"
EndProject
Project("{2150E333-8FDC-42A3-9474-1A3956D46DE8}") = "Arrays", "Arrays", "{ED99BD84-6B63-43C3-BFC3-0559CECA27D1}"
EndProject
Project("{FAE04EC0-301F-11D3-BF4B-00C04F79EFBC}") = "DynamicArray", "DynamicArray\DynamicArray.csproj", "{033A3F4F-739C-4ECE-8294-9792A314E02A}"
EndProject
Project("{FAE04EC0-301F-11D3-BF4B-00C04F79EFBC}") = "LeftRotation", "LeftRotation\LeftRotation.csproj", "{06C0D20E-0A5F-49C9-B54F-AE5686F93636}"
EndProject
Project("{FAE04EC0-301F-11D3-BF4B-00C04F79EFBC}") = "SparseArrays", "SparseArrays\SparseArrays.csproj", "{77E142F4-CB91-490F-9F4C-701D5E999E38}"
EndProject
Project("{2150E333-8FDC-42A3-9474-1A3956D46DE8}") = "LinkedLists", "LinkedLists", "{271E18FD-C5C7-4DAD-94A4-CC0A0F1BD574}"
EndProject
Project("{2150E333-8FDC-42A3-9474-1A3956D46DE8}") = "Advanced", "Advanced", "{090C3B81-99D1-4BB9-9E7B-D5238B07D95D}"
EndProject
Project("{FAE04EC0-301F-11D3-BF4B-00C04F79EFBC}") = "MrXAndHisShots", "MrXAndHisShots\MrXAndHisShots.csproj", "{ABF75CAE-014D-4001-B40D-E2988DBC7852}"
EndProject
Project("{8BC9CEB8-8B4A-11D0-8D11-00A0C91BC942}") = "PrintTheElementsOfALinkedList", "PrintTheElementsOfALinkedList\PrintTheElementsOfALinkedList.vcxproj", "{83902B9B-8D7E-4AA9-AE14-DE762DFE22EA}"
EndProject
Project("{8BC9CEB8-8B4A-11D0-8D11-00A0C91BC942}") = "InsertANodeAtTheTailOfALinkedList", "InsertANodeAtTheTailOfALinkedList\InsertANodeAtTheTailOfALinkedList.vcxproj", "{2C03933E-79FD-4C6F-8841-EDC0652E360D}"
EndProject
Project("{8BC9CEB8-8B4A-11D0-8D11-00A0C91BC942}") = "InsertANodeAtTheHeadOfALinkedList", "InsertANodeAtTheHeadOfALinkedList\InsertANodeAtTheHeadOfALinkedList.vcxproj", "{B94F4075-5B5A-441B-80C7-931B84FB47BA}"
EndProject
Project("{8BC9CEB8-8B4A-11D0-8D11-00A0C91BC942}") = "InsertANodeAtASpecificPositionInALinkedList", "InsertANodeAtASpecificPositionInALinkedList\InsertANodeAtASpecificPositionInALinkedList.vcxproj", "{F3932B42-E54A-45B9-9DBC-79C2E9E8CA33}"
EndProject
Project("{8BC9CEB8-8B4A-11D0-8D11-00A0C91BC942}") = "DeleteANode", "DeleteANode\DeleteANode.vcxproj", "{F1E10F73-06B3-48B2-A805-B73B752176E0}"
EndProject
Project("{8BC9CEB8-8B4A-11D0-8D11-00A0C91BC942}") = "PrintInReverse", "PrintInReverse\PrintInReverse.vcxproj", "{A0B3AF12-7AA1-477B-A2AF-01403E5020DC}"
EndProject
Project("{8BC9CEB8-8B4A-11D0-8D11-00A0C91BC942}") = "ReverseALinkedList", "ReverseALinkedList\ReverseALinkedList.vcxproj", "{1BDC9868-CA43-4858-953E-48909490F312}"
EndProject
Project("{8BC9CEB8-8B4A-11D0-8D11-00A0C91BC942}") = "CompareTwoLinkedLists", "CompareTwoLinkedLists\CompareTwoLinkedLists.vcxproj", "{707F16BC-25FA-4CA9-866B-BA4F9B1B52B4}"
EndProject
Project("{8BC9CEB8-8B4A-11D0-8D11-00A0C91BC942}") = "MergeTwoSortedLinkedLists", "MergeTwoSortedLinkedLists\MergeTwoSortedLinkedLists.vcxproj", "{CB9595DC-4C83-43A3-A9D0-7787BB49B3A8}"
EndProject
Project("{8BC9CEB8-8B4A-11D0-8D11-00A0C91BC942}") = "GetNodeValue", "GetNodeValue\GetNodeValue.vcxproj", "{09312095-E980-4C76-85A1-79914DBDD729}"
EndProject
Project("{8BC9CEB8-8B4A-11D0-8D11-00A0C91BC942}") = "DeleteDuplicateValueNodesFromASortedLinkedList", "DeleteDuplicateValueNodesFromASortedLinkedList\DeleteDuplicateValueNodesFromASortedLinkedList.vcxproj", "{9B8D0F08-ACC5-4694-8323-3936B7E95A5E}"
EndProject
Project("{8BC9CEB8-8B4A-11D0-8D11-00A0C91BC942}") = "CycleDetection", "CycleDetection\CycleDetection.vcxproj", "{FED51805-FE3A-468D-8525-7BE879A12B48}"
EndProject
Project("{8BC9CEB8-8B4A-11D0-8D11-00A0C91BC942}") = "FindMergePointOfTwoLists", "FindMergePointOfTwoLists\FindMergePointOfTwoLists.vcxproj", "{5A8F8D3B-D258-4AC7-AE62-7A444B19F7A7}"
EndProject
Project("{8BC9CEB8-8B4A-11D0-8D11-00A0C91BC942}") = "InsertNodeIntoASortedDoublyLinkedList", "InsertNodeIntoASortedDoublyLinkedList\InsertNodeIntoASortedDoublyLinkedList.vcxproj", "{856BEB62-5E38-4938-8E4D-D50ACA87181A}"
EndProject
Project("{8BC9CEB8-8B4A-11D0-8D11-00A0C91BC942}") = "ReverseADoublyLinkedList", "ReverseADoublyLinkedList\ReverseADoublyLinkedList.vcxproj", "{6FF0FBA1-3F92-44CC-A25E-4E7F6749EAF4}"
EndProject
Project("{FAE04EC0-301F-11D3-BF4B-00C04F79EFBC}") = "DirectConnections", "DirectConnections\DirectConnections.csproj", "{F1C6F843-1690-4EDB-B38C-FC0C318A6AD2}"
EndProject
Project("{2150E333-8FDC-42A3-9474-1A3956D46DE8}") = "Trees", "Trees", "{4F3B5164-EB5D-4A87-A512-5A81088B50BE}"
EndProject
Project("{8BC9CEB8-8B4A-11D0-8D11-00A0C91BC942}") = "PreorderTraversal", "PreorderTraversal\PreorderTraversal.vcxproj", "{0F7F2796-87AF-459E-B9D6-985372C708B5}"
EndProject
Project("{8BC9CEB8-8B4A-11D0-8D11-00A0C91BC942}") = "PostorderTraversal", "PostorderTraversal\PostorderTraversal.vcxproj", "{D432312C-CB01-4C7A-AAA1-51DFED9C481F}"
EndProject
Project("{8BC9CEB8-8B4A-11D0-8D11-00A0C91BC942}") = "InorderTraversal", "InorderTraversal\InorderTraversal.vcxproj", "{D18DD7F8-AB88-41AC-A899-47BDADBCD924}"
EndProject
Project("{8BC9CEB8-8B4A-11D0-8D11-00A0C91BC942}") = "HeighOfBinaryTree", "HeighOfBinaryTree\HeighOfBinaryTree.vcxproj", "{CC325316-4A3B-4289-868A-FCF3FB465019}"
EndProject
Project("{8BC9CEB8-8B4A-11D0-8D11-00A0C91BC942}") = "TopView", "TopView\TopView.vcxproj", "{4A386CA5-46F1-4546-BFE9-0B6213C9A63C}"
EndProject
Project("{8BC9CEB8-8B4A-11D0-8D11-00A0C91BC942}") = "LevelOrderTraversal", "LevelOrderTraversal\LevelOrderTraversal.vcxproj", "{663714EE-3E6C-45B6-8BEE-49FF312C0530}"
EndProject
Project("{8BC9CEB8-8B4A-11D0-8D11-00A0C91BC942}") = "BinarySearchTreeInsertion", "BinarySearchTreeInsertion\BinarySearchTreeInsertion.vcxproj", "{1D7E7D82-8987-458D-BF1E-5C52F96FBB90}"
EndProject
Project("{8BC9CEB8-8B4A-11D0-8D11-00A0C91BC942}") = "HuffmanDecoding", "HuffmanDecoding\HuffmanDecoding.vcxproj", "{E0F8D332-E4D6-4DE8-87F0-F3DB4EB65EBB}"
EndProject
Project("{8BC9CEB8-8B4A-11D0-8D11-00A0C91BC942}") = "BinarySearchTreeLowestCommonAncestor", "BinarySearchTreeLowestCommonAncestor\BinarySearchTreeLowestCommonAncestor.vcxproj", "{097A013D-2CC4-4D1B-A1DB-000DD5DB7B06}"
EndProject
Project("{FAE04EC0-301F-11D3-BF4B-00C04F79EFBC}") = "SwapNodesAlgo", "SwapNodesAlgo\SwapNodesAlgo.csproj", "{1541FC66-7131-4137-ACE4-F73AD9A36467}"
EndProject
Project("{8BC9CEB8-8B4A-11D0-8D11-00A0C91BC942}") = "IsThisABinarySearchTree", "IsThisABinarySearchTree\IsThisABinarySearchTree.vcxproj", "{3D897CCB-E447-419F-8C98-E7621A81B47E}"
EndProject
Project("{8BC9CEB8-8B4A-11D0-8D11-00A0C91BC942}") = "SquareTenTree", "SquareTenTree\SquareTenTree.vcxproj", "{D1A852E1-0CE9-469F-A6C4-9FD616E086B2}"
EndProject
Global
	GlobalSection(SolutionConfigurationPlatforms) = preSolution
		Debug|Any CPU = Debug|Any CPU
		Debug|Mixed Platforms = Debug|Mixed Platforms
		Debug|Win32 = Debug|Win32
		Release|Any CPU = Release|Any CPU
		Release|Mixed Platforms = Release|Mixed Platforms
		Release|Win32 = Release|Win32
	EndGlobalSection
	GlobalSection(ProjectConfigurationPlatforms) = postSolution
		{07306C2C-3D72-418A-ABB3-1DB6430E0DA0}.Debug|Any CPU.ActiveCfg = Debug|Any CPU
		{07306C2C-3D72-418A-ABB3-1DB6430E0DA0}.Debug|Any CPU.Build.0 = Debug|Any CPU
		{07306C2C-3D72-418A-ABB3-1DB6430E0DA0}.Debug|Mixed Platforms.ActiveCfg = Debug|Any CPU
		{07306C2C-3D72-418A-ABB3-1DB6430E0DA0}.Debug|Mixed Platforms.Build.0 = Debug|Any CPU
		{07306C2C-3D72-418A-ABB3-1DB6430E0DA0}.Debug|Win32.ActiveCfg = Debug|Any CPU
		{07306C2C-3D72-418A-ABB3-1DB6430E0DA0}.Release|Any CPU.ActiveCfg = Release|Any CPU
		{07306C2C-3D72-418A-ABB3-1DB6430E0DA0}.Release|Any CPU.Build.0 = Release|Any CPU
		{07306C2C-3D72-418A-ABB3-1DB6430E0DA0}.Release|Mixed Platforms.ActiveCfg = Release|Any CPU
		{07306C2C-3D72-418A-ABB3-1DB6430E0DA0}.Release|Mixed Platforms.Build.0 = Release|Any CPU
		{07306C2C-3D72-418A-ABB3-1DB6430E0DA0}.Release|Win32.ActiveCfg = Release|Any CPU
		{266AB26D-39E5-44BC-89D1-2D3B65773AB7}.Debug|Any CPU.ActiveCfg = Debug|Any CPU
		{266AB26D-39E5-44BC-89D1-2D3B65773AB7}.Debug|Any CPU.Build.0 = Debug|Any CPU
		{266AB26D-39E5-44BC-89D1-2D3B65773AB7}.Debug|Mixed Platforms.ActiveCfg = Debug|Any CPU
		{266AB26D-39E5-44BC-89D1-2D3B65773AB7}.Debug|Mixed Platforms.Build.0 = Debug|Any CPU
		{266AB26D-39E5-44BC-89D1-2D3B65773AB7}.Debug|Win32.ActiveCfg = Debug|Any CPU
		{266AB26D-39E5-44BC-89D1-2D3B65773AB7}.Release|Any CPU.ActiveCfg = Release|Any CPU
		{266AB26D-39E5-44BC-89D1-2D3B65773AB7}.Release|Any CPU.Build.0 = Release|Any CPU
		{266AB26D-39E5-44BC-89D1-2D3B65773AB7}.Release|Mixed Platforms.ActiveCfg = Release|Any CPU
		{266AB26D-39E5-44BC-89D1-2D3B65773AB7}.Release|Mixed Platforms.Build.0 = Release|Any CPU
		{266AB26D-39E5-44BC-89D1-2D3B65773AB7}.Release|Win32.ActiveCfg = Release|Any CPU
		{033A3F4F-739C-4ECE-8294-9792A314E02A}.Debug|Any CPU.ActiveCfg = Debug|Any CPU
		{033A3F4F-739C-4ECE-8294-9792A314E02A}.Debug|Any CPU.Build.0 = Debug|Any CPU
		{033A3F4F-739C-4ECE-8294-9792A314E02A}.Debug|Mixed Platforms.ActiveCfg = Debug|Any CPU
		{033A3F4F-739C-4ECE-8294-9792A314E02A}.Debug|Mixed Platforms.Build.0 = Debug|Any CPU
		{033A3F4F-739C-4ECE-8294-9792A314E02A}.Debug|Win32.ActiveCfg = Debug|Any CPU
		{033A3F4F-739C-4ECE-8294-9792A314E02A}.Release|Any CPU.ActiveCfg = Release|Any CPU
		{033A3F4F-739C-4ECE-8294-9792A314E02A}.Release|Any CPU.Build.0 = Release|Any CPU
		{033A3F4F-739C-4ECE-8294-9792A314E02A}.Release|Mixed Platforms.ActiveCfg = Release|Any CPU
		{033A3F4F-739C-4ECE-8294-9792A314E02A}.Release|Mixed Platforms.Build.0 = Release|Any CPU
		{033A3F4F-739C-4ECE-8294-9792A314E02A}.Release|Win32.ActiveCfg = Release|Any CPU
		{06C0D20E-0A5F-49C9-B54F-AE5686F93636}.Debug|Any CPU.ActiveCfg = Debug|Any CPU
		{06C0D20E-0A5F-49C9-B54F-AE5686F93636}.Debug|Any CPU.Build.0 = Debug|Any CPU
		{06C0D20E-0A5F-49C9-B54F-AE5686F93636}.Debug|Mixed Platforms.ActiveCfg = Debug|Any CPU
		{06C0D20E-0A5F-49C9-B54F-AE5686F93636}.Debug|Mixed Platforms.Build.0 = Debug|Any CPU
		{06C0D20E-0A5F-49C9-B54F-AE5686F93636}.Debug|Win32.ActiveCfg = Debug|Any CPU
		{06C0D20E-0A5F-49C9-B54F-AE5686F93636}.Release|Any CPU.ActiveCfg = Release|Any CPU
		{06C0D20E-0A5F-49C9-B54F-AE5686F93636}.Release|Any CPU.Build.0 = Release|Any CPU
		{06C0D20E-0A5F-49C9-B54F-AE5686F93636}.Release|Mixed Platforms.ActiveCfg = Release|Any CPU
		{06C0D20E-0A5F-49C9-B54F-AE5686F93636}.Release|Mixed Platforms.Build.0 = Release|Any CPU
		{06C0D20E-0A5F-49C9-B54F-AE5686F93636}.Release|Win32.ActiveCfg = Release|Any CPU
		{77E142F4-CB91-490F-9F4C-701D5E999E38}.Debug|Any CPU.ActiveCfg = Debug|Any CPU
		{77E142F4-CB91-490F-9F4C-701D5E999E38}.Debug|Any CPU.Build.0 = Debug|Any CPU
		{77E142F4-CB91-490F-9F4C-701D5E999E38}.Debug|Mixed Platforms.ActiveCfg = Debug|Any CPU
		{77E142F4-CB91-490F-9F4C-701D5E999E38}.Debug|Mixed Platforms.Build.0 = Debug|Any CPU
		{77E142F4-CB91-490F-9F4C-701D5E999E38}.Debug|Win32.ActiveCfg = Debug|Any CPU
		{77E142F4-CB91-490F-9F4C-701D5E999E38}.Release|Any CPU.ActiveCfg = Release|Any CPU
		{77E142F4-CB91-490F-9F4C-701D5E999E38}.Release|Any CPU.Build.0 = Release|Any CPU
		{77E142F4-CB91-490F-9F4C-701D5E999E38}.Release|Mixed Platforms.ActiveCfg = Release|Any CPU
		{77E142F4-CB91-490F-9F4C-701D5E999E38}.Release|Mixed Platforms.Build.0 = Release|Any CPU
		{77E142F4-CB91-490F-9F4C-701D5E999E38}.Release|Win32.ActiveCfg = Release|Any CPU
		{ABF75CAE-014D-4001-B40D-E2988DBC7852}.Debug|Any CPU.ActiveCfg = Debug|Any CPU
		{ABF75CAE-014D-4001-B40D-E2988DBC7852}.Debug|Any CPU.Build.0 = Debug|Any CPU
		{ABF75CAE-014D-4001-B40D-E2988DBC7852}.Debug|Mixed Platforms.ActiveCfg = Debug|Any CPU
		{ABF75CAE-014D-4001-B40D-E2988DBC7852}.Debug|Mixed Platforms.Build.0 = Debug|Any CPU
		{ABF75CAE-014D-4001-B40D-E2988DBC7852}.Debug|Win32.ActiveCfg = Debug|Any CPU
		{ABF75CAE-014D-4001-B40D-E2988DBC7852}.Release|Any CPU.ActiveCfg = Release|Any CPU
		{ABF75CAE-014D-4001-B40D-E2988DBC7852}.Release|Any CPU.Build.0 = Release|Any CPU
		{ABF75CAE-014D-4001-B40D-E2988DBC7852}.Release|Mixed Platforms.ActiveCfg = Release|Any CPU
		{ABF75CAE-014D-4001-B40D-E2988DBC7852}.Release|Mixed Platforms.Build.0 = Release|Any CPU
		{ABF75CAE-014D-4001-B40D-E2988DBC7852}.Release|Win32.ActiveCfg = Release|Any CPU
		{83902B9B-8D7E-4AA9-AE14-DE762DFE22EA}.Debug|Any CPU.ActiveCfg = Debug|Win32
		{83902B9B-8D7E-4AA9-AE14-DE762DFE22EA}.Debug|Mixed Platforms.ActiveCfg = Debug|Win32
		{83902B9B-8D7E-4AA9-AE14-DE762DFE22EA}.Debug|Mixed Platforms.Build.0 = Debug|Win32
		{83902B9B-8D7E-4AA9-AE14-DE762DFE22EA}.Debug|Win32.ActiveCfg = Debug|Win32
		{83902B9B-8D7E-4AA9-AE14-DE762DFE22EA}.Debug|Win32.Build.0 = Debug|Win32
		{83902B9B-8D7E-4AA9-AE14-DE762DFE22EA}.Release|Any CPU.ActiveCfg = Release|Win32
		{83902B9B-8D7E-4AA9-AE14-DE762DFE22EA}.Release|Mixed Platforms.ActiveCfg = Release|Win32
		{83902B9B-8D7E-4AA9-AE14-DE762DFE22EA}.Release|Mixed Platforms.Build.0 = Release|Win32
		{83902B9B-8D7E-4AA9-AE14-DE762DFE22EA}.Release|Win32.ActiveCfg = Release|Win32
		{83902B9B-8D7E-4AA9-AE14-DE762DFE22EA}.Release|Win32.Build.0 = Release|Win32
		{2C03933E-79FD-4C6F-8841-EDC0652E360D}.Debug|Any CPU.ActiveCfg = Debug|Win32
		{2C03933E-79FD-4C6F-8841-EDC0652E360D}.Debug|Mixed Platforms.ActiveCfg = Debug|Win32
		{2C03933E-79FD-4C6F-8841-EDC0652E360D}.Debug|Mixed Platforms.Build.0 = Debug|Win32
		{2C03933E-79FD-4C6F-8841-EDC0652E360D}.Debug|Win32.ActiveCfg = Debug|Win32
		{2C03933E-79FD-4C6F-8841-EDC0652E360D}.Debug|Win32.Build.0 = Debug|Win32
		{2C03933E-79FD-4C6F-8841-EDC0652E360D}.Release|Any CPU.ActiveCfg = Release|Win32
		{2C03933E-79FD-4C6F-8841-EDC0652E360D}.Release|Mixed Platforms.ActiveCfg = Release|Win32
		{2C03933E-79FD-4C6F-8841-EDC0652E360D}.Release|Mixed Platforms.Build.0 = Release|Win32
		{2C03933E-79FD-4C6F-8841-EDC0652E360D}.Release|Win32.ActiveCfg = Release|Win32
		{2C03933E-79FD-4C6F-8841-EDC0652E360D}.Release|Win32.Build.0 = Release|Win32
		{B94F4075-5B5A-441B-80C7-931B84FB47BA}.Debug|Any CPU.ActiveCfg = Debug|Win32
		{B94F4075-5B5A-441B-80C7-931B84FB47BA}.Debug|Mixed Platforms.ActiveCfg = Debug|Win32
		{B94F4075-5B5A-441B-80C7-931B84FB47BA}.Debug|Mixed Platforms.Build.0 = Debug|Win32
		{B94F4075-5B5A-441B-80C7-931B84FB47BA}.Debug|Win32.ActiveCfg = Debug|Win32
		{B94F4075-5B5A-441B-80C7-931B84FB47BA}.Debug|Win32.Build.0 = Debug|Win32
		{B94F4075-5B5A-441B-80C7-931B84FB47BA}.Release|Any CPU.ActiveCfg = Release|Win32
		{B94F4075-5B5A-441B-80C7-931B84FB47BA}.Release|Mixed Platforms.ActiveCfg = Release|Win32
		{B94F4075-5B5A-441B-80C7-931B84FB47BA}.Release|Mixed Platforms.Build.0 = Release|Win32
		{B94F4075-5B5A-441B-80C7-931B84FB47BA}.Release|Win32.ActiveCfg = Release|Win32
		{B94F4075-5B5A-441B-80C7-931B84FB47BA}.Release|Win32.Build.0 = Release|Win32
		{F3932B42-E54A-45B9-9DBC-79C2E9E8CA33}.Debug|Any CPU.ActiveCfg = Debug|Win32
		{F3932B42-E54A-45B9-9DBC-79C2E9E8CA33}.Debug|Mixed Platforms.ActiveCfg = Debug|Win32
		{F3932B42-E54A-45B9-9DBC-79C2E9E8CA33}.Debug|Mixed Platforms.Build.0 = Debug|Win32
		{F3932B42-E54A-45B9-9DBC-79C2E9E8CA33}.Debug|Win32.ActiveCfg = Debug|Win32
		{F3932B42-E54A-45B9-9DBC-79C2E9E8CA33}.Debug|Win32.Build.0 = Debug|Win32
		{F3932B42-E54A-45B9-9DBC-79C2E9E8CA33}.Release|Any CPU.ActiveCfg = Release|Win32
		{F3932B42-E54A-45B9-9DBC-79C2E9E8CA33}.Release|Mixed Platforms.ActiveCfg = Release|Win32
		{F3932B42-E54A-45B9-9DBC-79C2E9E8CA33}.Release|Mixed Platforms.Build.0 = Release|Win32
		{F3932B42-E54A-45B9-9DBC-79C2E9E8CA33}.Release|Win32.ActiveCfg = Release|Win32
		{F3932B42-E54A-45B9-9DBC-79C2E9E8CA33}.Release|Win32.Build.0 = Release|Win32
		{F1E10F73-06B3-48B2-A805-B73B752176E0}.Debug|Any CPU.ActiveCfg = Debug|Win32
		{F1E10F73-06B3-48B2-A805-B73B752176E0}.Debug|Mixed Platforms.ActiveCfg = Debug|Win32
		{F1E10F73-06B3-48B2-A805-B73B752176E0}.Debug|Mixed Platforms.Build.0 = Debug|Win32
		{F1E10F73-06B3-48B2-A805-B73B752176E0}.Debug|Win32.ActiveCfg = Debug|Win32
		{F1E10F73-06B3-48B2-A805-B73B752176E0}.Debug|Win32.Build.0 = Debug|Win32
		{F1E10F73-06B3-48B2-A805-B73B752176E0}.Release|Any CPU.ActiveCfg = Release|Win32
		{F1E10F73-06B3-48B2-A805-B73B752176E0}.Release|Mixed Platforms.ActiveCfg = Release|Win32
		{F1E10F73-06B3-48B2-A805-B73B752176E0}.Release|Mixed Platforms.Build.0 = Release|Win32
		{F1E10F73-06B3-48B2-A805-B73B752176E0}.Release|Win32.ActiveCfg = Release|Win32
		{F1E10F73-06B3-48B2-A805-B73B752176E0}.Release|Win32.Build.0 = Release|Win32
		{A0B3AF12-7AA1-477B-A2AF-01403E5020DC}.Debug|Any CPU.ActiveCfg = Debug|Win32
		{A0B3AF12-7AA1-477B-A2AF-01403E5020DC}.Debug|Mixed Platforms.ActiveCfg = Debug|Win32
		{A0B3AF12-7AA1-477B-A2AF-01403E5020DC}.Debug|Mixed Platforms.Build.0 = Debug|Win32
		{A0B3AF12-7AA1-477B-A2AF-01403E5020DC}.Debug|Win32.ActiveCfg = Debug|Win32
		{A0B3AF12-7AA1-477B-A2AF-01403E5020DC}.Debug|Win32.Build.0 = Debug|Win32
		{A0B3AF12-7AA1-477B-A2AF-01403E5020DC}.Release|Any CPU.ActiveCfg = Release|Win32
		{A0B3AF12-7AA1-477B-A2AF-01403E5020DC}.Release|Mixed Platforms.ActiveCfg = Release|Win32
		{A0B3AF12-7AA1-477B-A2AF-01403E5020DC}.Release|Mixed Platforms.Build.0 = Release|Win32
		{A0B3AF12-7AA1-477B-A2AF-01403E5020DC}.Release|Win32.ActiveCfg = Release|Win32
		{A0B3AF12-7AA1-477B-A2AF-01403E5020DC}.Release|Win32.Build.0 = Release|Win32
		{1BDC9868-CA43-4858-953E-48909490F312}.Debug|Any CPU.ActiveCfg = Debug|Win32
		{1BDC9868-CA43-4858-953E-48909490F312}.Debug|Mixed Platforms.ActiveCfg = Debug|Win32
		{1BDC9868-CA43-4858-953E-48909490F312}.Debug|Mixed Platforms.Build.0 = Debug|Win32
		{1BDC9868-CA43-4858-953E-48909490F312}.Debug|Win32.ActiveCfg = Debug|Win32
		{1BDC9868-CA43-4858-953E-48909490F312}.Debug|Win32.Build.0 = Debug|Win32
		{1BDC9868-CA43-4858-953E-48909490F312}.Release|Any CPU.ActiveCfg = Release|Win32
		{1BDC9868-CA43-4858-953E-48909490F312}.Release|Mixed Platforms.ActiveCfg = Release|Win32
		{1BDC9868-CA43-4858-953E-48909490F312}.Release|Mixed Platforms.Build.0 = Release|Win32
		{1BDC9868-CA43-4858-953E-48909490F312}.Release|Win32.ActiveCfg = Release|Win32
		{1BDC9868-CA43-4858-953E-48909490F312}.Release|Win32.Build.0 = Release|Win32
		{707F16BC-25FA-4CA9-866B-BA4F9B1B52B4}.Debug|Any CPU.ActiveCfg = Debug|Win32
		{707F16BC-25FA-4CA9-866B-BA4F9B1B52B4}.Debug|Mixed Platforms.ActiveCfg = Debug|Win32
		{707F16BC-25FA-4CA9-866B-BA4F9B1B52B4}.Debug|Mixed Platforms.Build.0 = Debug|Win32
		{707F16BC-25FA-4CA9-866B-BA4F9B1B52B4}.Debug|Win32.ActiveCfg = Debug|Win32
		{707F16BC-25FA-4CA9-866B-BA4F9B1B52B4}.Debug|Win32.Build.0 = Debug|Win32
		{707F16BC-25FA-4CA9-866B-BA4F9B1B52B4}.Release|Any CPU.ActiveCfg = Release|Win32
		{707F16BC-25FA-4CA9-866B-BA4F9B1B52B4}.Release|Mixed Platforms.ActiveCfg = Release|Win32
		{707F16BC-25FA-4CA9-866B-BA4F9B1B52B4}.Release|Mixed Platforms.Build.0 = Release|Win32
		{707F16BC-25FA-4CA9-866B-BA4F9B1B52B4}.Release|Win32.ActiveCfg = Release|Win32
		{707F16BC-25FA-4CA9-866B-BA4F9B1B52B4}.Release|Win32.Build.0 = Release|Win32
		{CB9595DC-4C83-43A3-A9D0-7787BB49B3A8}.Debug|Any CPU.ActiveCfg = Debug|Win32
		{CB9595DC-4C83-43A3-A9D0-7787BB49B3A8}.Debug|Mixed Platforms.ActiveCfg = Debug|Win32
		{CB9595DC-4C83-43A3-A9D0-7787BB49B3A8}.Debug|Mixed Platforms.Build.0 = Debug|Win32
		{CB9595DC-4C83-43A3-A9D0-7787BB49B3A8}.Debug|Win32.ActiveCfg = Debug|Win32
		{CB9595DC-4C83-43A3-A9D0-7787BB49B3A8}.Debug|Win32.Build.0 = Debug|Win32
		{CB9595DC-4C83-43A3-A9D0-7787BB49B3A8}.Release|Any CPU.ActiveCfg = Release|Win32
		{CB9595DC-4C83-43A3-A9D0-7787BB49B3A8}.Release|Mixed Platforms.ActiveCfg = Release|Win32
		{CB9595DC-4C83-43A3-A9D0-7787BB49B3A8}.Release|Mixed Platforms.Build.0 = Release|Win32
		{CB9595DC-4C83-43A3-A9D0-7787BB49B3A8}.Release|Win32.ActiveCfg = Release|Win32
		{CB9595DC-4C83-43A3-A9D0-7787BB49B3A8}.Release|Win32.Build.0 = Release|Win32
		{09312095-E980-4C76-85A1-79914DBDD729}.Debug|Any CPU.ActiveCfg = Debug|Win32
		{09312095-E980-4C76-85A1-79914DBDD729}.Debug|Mixed Platforms.ActiveCfg = Debug|Win32
		{09312095-E980-4C76-85A1-79914DBDD729}.Debug|Mixed Platforms.Build.0 = Debug|Win32
		{09312095-E980-4C76-85A1-79914DBDD729}.Debug|Win32.ActiveCfg = Debug|Win32
		{09312095-E980-4C76-85A1-79914DBDD729}.Debug|Win32.Build.0 = Debug|Win32
		{09312095-E980-4C76-85A1-79914DBDD729}.Release|Any CPU.ActiveCfg = Release|Win32
		{09312095-E980-4C76-85A1-79914DBDD729}.Release|Mixed Platforms.ActiveCfg = Release|Win32
		{09312095-E980-4C76-85A1-79914DBDD729}.Release|Mixed Platforms.Build.0 = Release|Win32
		{09312095-E980-4C76-85A1-79914DBDD729}.Release|Win32.ActiveCfg = Release|Win32
		{09312095-E980-4C76-85A1-79914DBDD729}.Release|Win32.Build.0 = Release|Win32
		{9B8D0F08-ACC5-4694-8323-3936B7E95A5E}.Debug|Any CPU.ActiveCfg = Debug|Win32
		{9B8D0F08-ACC5-4694-8323-3936B7E95A5E}.Debug|Mixed Platforms.ActiveCfg = Debug|Win32
		{9B8D0F08-ACC5-4694-8323-3936B7E95A5E}.Debug|Mixed Platforms.Build.0 = Debug|Win32
		{9B8D0F08-ACC5-4694-8323-3936B7E95A5E}.Debug|Win32.ActiveCfg = Debug|Win32
		{9B8D0F08-ACC5-4694-8323-3936B7E95A5E}.Debug|Win32.Build.0 = Debug|Win32
		{9B8D0F08-ACC5-4694-8323-3936B7E95A5E}.Release|Any CPU.ActiveCfg = Release|Win32
		{9B8D0F08-ACC5-4694-8323-3936B7E95A5E}.Release|Mixed Platforms.ActiveCfg = Release|Win32
		{9B8D0F08-ACC5-4694-8323-3936B7E95A5E}.Release|Mixed Platforms.Build.0 = Release|Win32
		{9B8D0F08-ACC5-4694-8323-3936B7E95A5E}.Release|Win32.ActiveCfg = Release|Win32
		{9B8D0F08-ACC5-4694-8323-3936B7E95A5E}.Release|Win32.Build.0 = Release|Win32
		{FED51805-FE3A-468D-8525-7BE879A12B48}.Debug|Any CPU.ActiveCfg = Debug|Win32
		{FED51805-FE3A-468D-8525-7BE879A12B48}.Debug|Mixed Platforms.ActiveCfg = Debug|Win32
		{FED51805-FE3A-468D-8525-7BE879A12B48}.Debug|Mixed Platforms.Build.0 = Debug|Win32
		{FED51805-FE3A-468D-8525-7BE879A12B48}.Debug|Win32.ActiveCfg = Debug|Win32
		{FED51805-FE3A-468D-8525-7BE879A12B48}.Debug|Win32.Build.0 = Debug|Win32
		{FED51805-FE3A-468D-8525-7BE879A12B48}.Release|Any CPU.ActiveCfg = Release|Win32
		{FED51805-FE3A-468D-8525-7BE879A12B48}.Release|Mixed Platforms.ActiveCfg = Release|Win32
		{FED51805-FE3A-468D-8525-7BE879A12B48}.Release|Mixed Platforms.Build.0 = Release|Win32
		{FED51805-FE3A-468D-8525-7BE879A12B48}.Release|Win32.ActiveCfg = Release|Win32
		{FED51805-FE3A-468D-8525-7BE879A12B48}.Release|Win32.Build.0 = Release|Win32
		{5A8F8D3B-D258-4AC7-AE62-7A444B19F7A7}.Debug|Any CPU.ActiveCfg = Debug|Win32
		{5A8F8D3B-D258-4AC7-AE62-7A444B19F7A7}.Debug|Mixed Platforms.ActiveCfg = Debug|Win32
		{5A8F8D3B-D258-4AC7-AE62-7A444B19F7A7}.Debug|Mixed Platforms.Build.0 = Debug|Win32
		{5A8F8D3B-D258-4AC7-AE62-7A444B19F7A7}.Debug|Win32.ActiveCfg = Debug|Win32
		{5A8F8D3B-D258-4AC7-AE62-7A444B19F7A7}.Debug|Win32.Build.0 = Debug|Win32
		{5A8F8D3B-D258-4AC7-AE62-7A444B19F7A7}.Release|Any CPU.ActiveCfg = Release|Win32
		{5A8F8D3B-D258-4AC7-AE62-7A444B19F7A7}.Release|Mixed Platforms.ActiveCfg = Release|Win32
		{5A8F8D3B-D258-4AC7-AE62-7A444B19F7A7}.Release|Mixed Platforms.Build.0 = Release|Win32
		{5A8F8D3B-D258-4AC7-AE62-7A444B19F7A7}.Release|Win32.ActiveCfg = Release|Win32
		{5A8F8D3B-D258-4AC7-AE62-7A444B19F7A7}.Release|Win32.Build.0 = Release|Win32
		{856BEB62-5E38-4938-8E4D-D50ACA87181A}.Debug|Any CPU.ActiveCfg = Debug|Win32
		{856BEB62-5E38-4938-8E4D-D50ACA87181A}.Debug|Mixed Platforms.ActiveCfg = Debug|Win32
		{856BEB62-5E38-4938-8E4D-D50ACA87181A}.Debug|Mixed Platforms.Build.0 = Debug|Win32
		{856BEB62-5E38-4938-8E4D-D50ACA87181A}.Debug|Win32.ActiveCfg = Debug|Win32
		{856BEB62-5E38-4938-8E4D-D50ACA87181A}.Debug|Win32.Build.0 = Debug|Win32
		{856BEB62-5E38-4938-8E4D-D50ACA87181A}.Release|Any CPU.ActiveCfg = Release|Win32
		{856BEB62-5E38-4938-8E4D-D50ACA87181A}.Release|Mixed Platforms.ActiveCfg = Release|Win32
		{856BEB62-5E38-4938-8E4D-D50ACA87181A}.Release|Mixed Platforms.Build.0 = Release|Win32
		{856BEB62-5E38-4938-8E4D-D50ACA87181A}.Release|Win32.ActiveCfg = Release|Win32
		{856BEB62-5E38-4938-8E4D-D50ACA87181A}.Release|Win32.Build.0 = Release|Win32
		{6FF0FBA1-3F92-44CC-A25E-4E7F6749EAF4}.Debug|Any CPU.ActiveCfg = Debug|Win32
		{6FF0FBA1-3F92-44CC-A25E-4E7F6749EAF4}.Debug|Mixed Platforms.ActiveCfg = Debug|Win32
		{6FF0FBA1-3F92-44CC-A25E-4E7F6749EAF4}.Debug|Mixed Platforms.Build.0 = Debug|Win32
		{6FF0FBA1-3F92-44CC-A25E-4E7F6749EAF4}.Debug|Win32.ActiveCfg = Debug|Win32
		{6FF0FBA1-3F92-44CC-A25E-4E7F6749EAF4}.Debug|Win32.Build.0 = Debug|Win32
		{6FF0FBA1-3F92-44CC-A25E-4E7F6749EAF4}.Release|Any CPU.ActiveCfg = Release|Win32
		{6FF0FBA1-3F92-44CC-A25E-4E7F6749EAF4}.Release|Mixed Platforms.ActiveCfg = Release|Win32
		{6FF0FBA1-3F92-44CC-A25E-4E7F6749EAF4}.Release|Mixed Platforms.Build.0 = Release|Win32
		{6FF0FBA1-3F92-44CC-A25E-4E7F6749EAF4}.Release|Win32.ActiveCfg = Release|Win32
		{6FF0FBA1-3F92-44CC-A25E-4E7F6749EAF4}.Release|Win32.Build.0 = Release|Win32
		{F1C6F843-1690-4EDB-B38C-FC0C318A6AD2}.Debug|Any CPU.ActiveCfg = Debug|Any CPU
		{F1C6F843-1690-4EDB-B38C-FC0C318A6AD2}.Debug|Any CPU.Build.0 = Debug|Any CPU
		{F1C6F843-1690-4EDB-B38C-FC0C318A6AD2}.Debug|Mixed Platforms.ActiveCfg = Debug|Any CPU
		{F1C6F843-1690-4EDB-B38C-FC0C318A6AD2}.Debug|Mixed Platforms.Build.0 = Debug|Any CPU
		{F1C6F843-1690-4EDB-B38C-FC0C318A6AD2}.Debug|Win32.ActiveCfg = Debug|Any CPU
		{F1C6F843-1690-4EDB-B38C-FC0C318A6AD2}.Release|Any CPU.ActiveCfg = Release|Any CPU
		{F1C6F843-1690-4EDB-B38C-FC0C318A6AD2}.Release|Any CPU.Build.0 = Release|Any CPU
		{F1C6F843-1690-4EDB-B38C-FC0C318A6AD2}.Release|Mixed Platforms.ActiveCfg = Release|Any CPU
		{F1C6F843-1690-4EDB-B38C-FC0C318A6AD2}.Release|Mixed Platforms.Build.0 = Release|Any CPU
		{F1C6F843-1690-4EDB-B38C-FC0C318A6AD2}.Release|Win32.ActiveCfg = Release|Any CPU
		{0F7F2796-87AF-459E-B9D6-985372C708B5}.Debug|Any CPU.ActiveCfg = Debug|Win32
		{0F7F2796-87AF-459E-B9D6-985372C708B5}.Debug|Mixed Platforms.ActiveCfg = Debug|Win32
		{0F7F2796-87AF-459E-B9D6-985372C708B5}.Debug|Mixed Platforms.Build.0 = Debug|Win32
		{0F7F2796-87AF-459E-B9D6-985372C708B5}.Debug|Win32.ActiveCfg = Debug|Win32
		{0F7F2796-87AF-459E-B9D6-985372C708B5}.Debug|Win32.Build.0 = Debug|Win32
		{0F7F2796-87AF-459E-B9D6-985372C708B5}.Release|Any CPU.ActiveCfg = Release|Win32
		{0F7F2796-87AF-459E-B9D6-985372C708B5}.Release|Mixed Platforms.ActiveCfg = Release|Win32
		{0F7F2796-87AF-459E-B9D6-985372C708B5}.Release|Mixed Platforms.Build.0 = Release|Win32
		{0F7F2796-87AF-459E-B9D6-985372C708B5}.Release|Win32.ActiveCfg = Release|Win32
		{0F7F2796-87AF-459E-B9D6-985372C708B5}.Release|Win32.Build.0 = Release|Win32
		{D432312C-CB01-4C7A-AAA1-51DFED9C481F}.Debug|Any CPU.ActiveCfg = Debug|Win32
		{D432312C-CB01-4C7A-AAA1-51DFED9C481F}.Debug|Mixed Platforms.ActiveCfg = Debug|Win32
		{D432312C-CB01-4C7A-AAA1-51DFED9C481F}.Debug|Mixed Platforms.Build.0 = Debug|Win32
		{D432312C-CB01-4C7A-AAA1-51DFED9C481F}.Debug|Win32.ActiveCfg = Debug|Win32
		{D432312C-CB01-4C7A-AAA1-51DFED9C481F}.Debug|Win32.Build.0 = Debug|Win32
		{D432312C-CB01-4C7A-AAA1-51DFED9C481F}.Release|Any CPU.ActiveCfg = Release|Win32
		{D432312C-CB01-4C7A-AAA1-51DFED9C481F}.Release|Mixed Platforms.ActiveCfg = Release|Win32
		{D432312C-CB01-4C7A-AAA1-51DFED9C481F}.Release|Mixed Platforms.Build.0 = Release|Win32
		{D432312C-CB01-4C7A-AAA1-51DFED9C481F}.Release|Win32.ActiveCfg = Release|Win32
		{D432312C-CB01-4C7A-AAA1-51DFED9C481F}.Release|Win32.Build.0 = Release|Win32
		{D18DD7F8-AB88-41AC-A899-47BDADBCD924}.Debug|Any CPU.ActiveCfg = Debug|Win32
		{D18DD7F8-AB88-41AC-A899-47BDADBCD924}.Debug|Mixed Platforms.ActiveCfg = Debug|Win32
		{D18DD7F8-AB88-41AC-A899-47BDADBCD924}.Debug|Mixed Platforms.Build.0 = Debug|Win32
		{D18DD7F8-AB88-41AC-A899-47BDADBCD924}.Debug|Win32.ActiveCfg = Debug|Win32
		{D18DD7F8-AB88-41AC-A899-47BDADBCD924}.Debug|Win32.Build.0 = Debug|Win32
		{D18DD7F8-AB88-41AC-A899-47BDADBCD924}.Release|Any CPU.ActiveCfg = Release|Win32
		{D18DD7F8-AB88-41AC-A899-47BDADBCD924}.Release|Mixed Platforms.ActiveCfg = Release|Win32
		{D18DD7F8-AB88-41AC-A899-47BDADBCD924}.Release|Mixed Platforms.Build.0 = Release|Win32
		{D18DD7F8-AB88-41AC-A899-47BDADBCD924}.Release|Win32.ActiveCfg = Release|Win32
		{D18DD7F8-AB88-41AC-A899-47BDADBCD924}.Release|Win32.Build.0 = Release|Win32
		{CC325316-4A3B-4289-868A-FCF3FB465019}.Debug|Any CPU.ActiveCfg = Debug|Win32
		{CC325316-4A3B-4289-868A-FCF3FB465019}.Debug|Mixed Platforms.ActiveCfg = Debug|Win32
		{CC325316-4A3B-4289-868A-FCF3FB465019}.Debug|Mixed Platforms.Build.0 = Debug|Win32
		{CC325316-4A3B-4289-868A-FCF3FB465019}.Debug|Win32.ActiveCfg = Debug|Win32
		{CC325316-4A3B-4289-868A-FCF3FB465019}.Debug|Win32.Build.0 = Debug|Win32
		{CC325316-4A3B-4289-868A-FCF3FB465019}.Release|Any CPU.ActiveCfg = Release|Win32
		{CC325316-4A3B-4289-868A-FCF3FB465019}.Release|Mixed Platforms.ActiveCfg = Release|Win32
		{CC325316-4A3B-4289-868A-FCF3FB465019}.Release|Mixed Platforms.Build.0 = Release|Win32
		{CC325316-4A3B-4289-868A-FCF3FB465019}.Release|Win32.ActiveCfg = Release|Win32
		{CC325316-4A3B-4289-868A-FCF3FB465019}.Release|Win32.Build.0 = Release|Win32
		{4A386CA5-46F1-4546-BFE9-0B6213C9A63C}.Debug|Any CPU.ActiveCfg = Debug|Win32
		{4A386CA5-46F1-4546-BFE9-0B6213C9A63C}.Debug|Mixed Platforms.ActiveCfg = Debug|Win32
		{4A386CA5-46F1-4546-BFE9-0B6213C9A63C}.Debug|Mixed Platforms.Build.0 = Debug|Win32
		{4A386CA5-46F1-4546-BFE9-0B6213C9A63C}.Debug|Win32.ActiveCfg = Debug|Win32
		{4A386CA5-46F1-4546-BFE9-0B6213C9A63C}.Debug|Win32.Build.0 = Debug|Win32
		{4A386CA5-46F1-4546-BFE9-0B6213C9A63C}.Release|Any CPU.ActiveCfg = Release|Win32
		{4A386CA5-46F1-4546-BFE9-0B6213C9A63C}.Release|Mixed Platforms.ActiveCfg = Release|Win32
		{4A386CA5-46F1-4546-BFE9-0B6213C9A63C}.Release|Mixed Platforms.Build.0 = Release|Win32
		{4A386CA5-46F1-4546-BFE9-0B6213C9A63C}.Release|Win32.ActiveCfg = Release|Win32
		{4A386CA5-46F1-4546-BFE9-0B6213C9A63C}.Release|Win32.Build.0 = Release|Win32
		{663714EE-3E6C-45B6-8BEE-49FF312C0530}.Debug|Any CPU.ActiveCfg = Debug|Win32
		{663714EE-3E6C-45B6-8BEE-49FF312C0530}.Debug|Mixed Platforms.ActiveCfg = Debug|Win32
		{663714EE-3E6C-45B6-8BEE-49FF312C0530}.Debug|Mixed Platforms.Build.0 = Debug|Win32
		{663714EE-3E6C-45B6-8BEE-49FF312C0530}.Debug|Win32.ActiveCfg = Debug|Win32
		{663714EE-3E6C-45B6-8BEE-49FF312C0530}.Debug|Win32.Build.0 = Debug|Win32
		{663714EE-3E6C-45B6-8BEE-49FF312C0530}.Release|Any CPU.ActiveCfg = Release|Win32
		{663714EE-3E6C-45B6-8BEE-49FF312C0530}.Release|Mixed Platforms.ActiveCfg = Release|Win32
		{663714EE-3E6C-45B6-8BEE-49FF312C0530}.Release|Mixed Platforms.Build.0 = Release|Win32
		{663714EE-3E6C-45B6-8BEE-49FF312C0530}.Release|Win32.ActiveCfg = Release|Win32
		{663714EE-3E6C-45B6-8BEE-49FF312C0530}.Release|Win32.Build.0 = Release|Win32
		{1D7E7D82-8987-458D-BF1E-5C52F96FBB90}.Debug|Any CPU.ActiveCfg = Debug|Win32
		{1D7E7D82-8987-458D-BF1E-5C52F96FBB90}.Debug|Mixed Platforms.ActiveCfg = Debug|Win32
		{1D7E7D82-8987-458D-BF1E-5C52F96FBB90}.Debug|Mixed Platforms.Build.0 = Debug|Win32
		{1D7E7D82-8987-458D-BF1E-5C52F96FBB90}.Debug|Win32.ActiveCfg = Debug|Win32
		{1D7E7D82-8987-458D-BF1E-5C52F96FBB90}.Debug|Win32.Build.0 = Debug|Win32
		{1D7E7D82-8987-458D-BF1E-5C52F96FBB90}.Release|Any CPU.ActiveCfg = Release|Win32
		{1D7E7D82-8987-458D-BF1E-5C52F96FBB90}.Release|Mixed Platforms.ActiveCfg = Release|Win32
		{1D7E7D82-8987-458D-BF1E-5C52F96FBB90}.Release|Mixed Platforms.Build.0 = Release|Win32
		{1D7E7D82-8987-458D-BF1E-5C52F96FBB90}.Release|Win32.ActiveCfg = Release|Win32
		{1D7E7D82-8987-458D-BF1E-5C52F96FBB90}.Release|Win32.Build.0 = Release|Win32
		{E0F8D332-E4D6-4DE8-87F0-F3DB4EB65EBB}.Debug|Any CPU.ActiveCfg = Debug|Win32
		{E0F8D332-E4D6-4DE8-87F0-F3DB4EB65EBB}.Debug|Mixed Platforms.ActiveCfg = Debug|Win32
		{E0F8D332-E4D6-4DE8-87F0-F3DB4EB65EBB}.Debug|Mixed Platforms.Build.0 = Debug|Win32
		{E0F8D332-E4D6-4DE8-87F0-F3DB4EB65EBB}.Debug|Win32.ActiveCfg = Debug|Win32
		{E0F8D332-E4D6-4DE8-87F0-F3DB4EB65EBB}.Debug|Win32.Build.0 = Debug|Win32
		{E0F8D332-E4D6-4DE8-87F0-F3DB4EB65EBB}.Release|Any CPU.ActiveCfg = Release|Win32
		{E0F8D332-E4D6-4DE8-87F0-F3DB4EB65EBB}.Release|Mixed Platforms.ActiveCfg = Release|Win32
		{E0F8D332-E4D6-4DE8-87F0-F3DB4EB65EBB}.Release|Mixed Platforms.Build.0 = Release|Win32
		{E0F8D332-E4D6-4DE8-87F0-F3DB4EB65EBB}.Release|Win32.ActiveCfg = Release|Win32
		{E0F8D332-E4D6-4DE8-87F0-F3DB4EB65EBB}.Release|Win32.Build.0 = Release|Win32
		{097A013D-2CC4-4D1B-A1DB-000DD5DB7B06}.Debug|Any CPU.ActiveCfg = Debug|Win32
		{097A013D-2CC4-4D1B-A1DB-000DD5DB7B06}.Debug|Mixed Platforms.ActiveCfg = Debug|Win32
		{097A013D-2CC4-4D1B-A1DB-000DD5DB7B06}.Debug|Mixed Platforms.Build.0 = Debug|Win32
		{097A013D-2CC4-4D1B-A1DB-000DD5DB7B06}.Debug|Win32.ActiveCfg = Debug|Win32
		{097A013D-2CC4-4D1B-A1DB-000DD5DB7B06}.Debug|Win32.Build.0 = Debug|Win32
		{097A013D-2CC4-4D1B-A1DB-000DD5DB7B06}.Release|Any CPU.ActiveCfg = Release|Win32
		{097A013D-2CC4-4D1B-A1DB-000DD5DB7B06}.Release|Mixed Platforms.ActiveCfg = Release|Win32
		{097A013D-2CC4-4D1B-A1DB-000DD5DB7B06}.Release|Mixed Platforms.Build.0 = Release|Win32
		{097A013D-2CC4-4D1B-A1DB-000DD5DB7B06}.Release|Win32.ActiveCfg = Release|Win32
		{097A013D-2CC4-4D1B-A1DB-000DD5DB7B06}.Release|Win32.Build.0 = Release|Win32
		{1541FC66-7131-4137-ACE4-F73AD9A36467}.Debug|Any CPU.ActiveCfg = Debug|Any CPU
		{1541FC66-7131-4137-ACE4-F73AD9A36467}.Debug|Any CPU.Build.0 = Debug|Any CPU
		{1541FC66-7131-4137-ACE4-F73AD9A36467}.Debug|Mixed Platforms.ActiveCfg = Debug|Any CPU
		{1541FC66-7131-4137-ACE4-F73AD9A36467}.Debug|Mixed Platforms.Build.0 = Debug|Any CPU
		{1541FC66-7131-4137-ACE4-F73AD9A36467}.Debug|Win32.ActiveCfg = Debug|Any CPU
		{1541FC66-7131-4137-ACE4-F73AD9A36467}.Release|Any CPU.ActiveCfg = Release|Any CPU
		{1541FC66-7131-4137-ACE4-F73AD9A36467}.Release|Any CPU.Build.0 = Release|Any CPU
		{1541FC66-7131-4137-ACE4-F73AD9A36467}.Release|Mixed Platforms.ActiveCfg = Release|Any CPU
		{1541FC66-7131-4137-ACE4-F73AD9A36467}.Release|Mixed Platforms.Build.0 = Release|Any CPU
		{1541FC66-7131-4137-ACE4-F73AD9A36467}.Release|Win32.ActiveCfg = Release|Any CPU
		{3D897CCB-E447-419F-8C98-E7621A81B47E}.Debug|Any CPU.ActiveCfg = Debug|Win32
		{3D897CCB-E447-419F-8C98-E7621A81B47E}.Debug|Mixed Platforms.ActiveCfg = Debug|Win32
		{3D897CCB-E447-419F-8C98-E7621A81B47E}.Debug|Mixed Platforms.Build.0 = Debug|Win32
		{3D897CCB-E447-419F-8C98-E7621A81B47E}.Debug|Win32.ActiveCfg = Debug|Win32
		{3D897CCB-E447-419F-8C98-E7621A81B47E}.Debug|Win32.Build.0 = Debug|Win32
		{3D897CCB-E447-419F-8C98-E7621A81B47E}.Release|Any CPU.ActiveCfg = Release|Win32
		{3D897CCB-E447-419F-8C98-E7621A81B47E}.Release|Mixed Platforms.ActiveCfg = Release|Win32
		{3D897CCB-E447-419F-8C98-E7621A81B47E}.Release|Mixed Platforms.Build.0 = Release|Win32
		{3D897CCB-E447-419F-8C98-E7621A81B47E}.Release|Win32.ActiveCfg = Release|Win32
		{3D897CCB-E447-419F-8C98-E7621A81B47E}.Release|Win32.Build.0 = Release|Win32
		{D1A852E1-0CE9-469F-A6C4-9FD616E086B2}.Debug|Any CPU.ActiveCfg = Debug|Win32
		{D1A852E1-0CE9-469F-A6C4-9FD616E086B2}.Debug|Mixed Platforms.ActiveCfg = Debug|Win32
		{D1A852E1-0CE9-469F-A6C4-9FD616E086B2}.Debug|Mixed Platforms.Build.0 = Debug|Win32
		{D1A852E1-0CE9-469F-A6C4-9FD616E086B2}.Debug|Win32.ActiveCfg = Debug|Win32
		{D1A852E1-0CE9-469F-A6C4-9FD616E086B2}.Debug|Win32.Build.0 = Debug|Win32
		{D1A852E1-0CE9-469F-A6C4-9FD616E086B2}.Release|Any CPU.ActiveCfg = Release|Win32
		{D1A852E1-0CE9-469F-A6C4-9FD616E086B2}.Release|Mixed Platforms.ActiveCfg = Release|Win32
		{D1A852E1-0CE9-469F-A6C4-9FD616E086B2}.Release|Mixed Platforms.Build.0 = Release|Win32
		{D1A852E1-0CE9-469F-A6C4-9FD616E086B2}.Release|Win32.ActiveCfg = Release|Win32
		{D1A852E1-0CE9-469F-A6C4-9FD616E086B2}.Release|Win32.Build.0 = Release|Win32
	EndGlobalSection
	GlobalSection(SolutionProperties) = preSolution
		HideSolutionNode = FALSE
	EndGlobalSection
	GlobalSection(NestedProjects) = preSolution
		{07306C2C-3D72-418A-ABB3-1DB6430E0DA0} = {ED99BD84-6B63-43C3-BFC3-0559CECA27D1}
		{266AB26D-39E5-44BC-89D1-2D3B65773AB7} = {ED99BD84-6B63-43C3-BFC3-0559CECA27D1}
		{033A3F4F-739C-4ECE-8294-9792A314E02A} = {ED99BD84-6B63-43C3-BFC3-0559CECA27D1}
		{06C0D20E-0A5F-49C9-B54F-AE5686F93636} = {ED99BD84-6B63-43C3-BFC3-0559CECA27D1}
		{77E142F4-CB91-490F-9F4C-701D5E999E38} = {ED99BD84-6B63-43C3-BFC3-0559CECA27D1}
		{ABF75CAE-014D-4001-B40D-E2988DBC7852} = {090C3B81-99D1-4BB9-9E7B-D5238B07D95D}
		{83902B9B-8D7E-4AA9-AE14-DE762DFE22EA} = {271E18FD-C5C7-4DAD-94A4-CC0A0F1BD574}
		{2C03933E-79FD-4C6F-8841-EDC0652E360D} = {271E18FD-C5C7-4DAD-94A4-CC0A0F1BD574}
		{B94F4075-5B5A-441B-80C7-931B84FB47BA} = {271E18FD-C5C7-4DAD-94A4-CC0A0F1BD574}
		{F3932B42-E54A-45B9-9DBC-79C2E9E8CA33} = {271E18FD-C5C7-4DAD-94A4-CC0A0F1BD574}
		{F1E10F73-06B3-48B2-A805-B73B752176E0} = {271E18FD-C5C7-4DAD-94A4-CC0A0F1BD574}
		{A0B3AF12-7AA1-477B-A2AF-01403E5020DC} = {271E18FD-C5C7-4DAD-94A4-CC0A0F1BD574}
		{1BDC9868-CA43-4858-953E-48909490F312} = {271E18FD-C5C7-4DAD-94A4-CC0A0F1BD574}
		{707F16BC-25FA-4CA9-866B-BA4F9B1B52B4} = {271E18FD-C5C7-4DAD-94A4-CC0A0F1BD574}
		{CB9595DC-4C83-43A3-A9D0-7787BB49B3A8} = {271E18FD-C5C7-4DAD-94A4-CC0A0F1BD574}
		{09312095-E980-4C76-85A1-79914DBDD729} = {271E18FD-C5C7-4DAD-94A4-CC0A0F1BD574}
		{9B8D0F08-ACC5-4694-8323-3936B7E95A5E} = {271E18FD-C5C7-4DAD-94A4-CC0A0F1BD574}
		{FED51805-FE3A-468D-8525-7BE879A12B48} = {271E18FD-C5C7-4DAD-94A4-CC0A0F1BD574}
		{5A8F8D3B-D258-4AC7-AE62-7A444B19F7A7} = {271E18FD-C5C7-4DAD-94A4-CC0A0F1BD574}
		{856BEB62-5E38-4938-8E4D-D50ACA87181A} = {271E18FD-C5C7-4DAD-94A4-CC0A0F1BD574}
		{6FF0FBA1-3F92-44CC-A25E-4E7F6749EAF4} = {271E18FD-C5C7-4DAD-94A4-CC0A0F1BD574}
		{F1C6F843-1690-4EDB-B38C-FC0C318A6AD2} = {090C3B81-99D1-4BB9-9E7B-D5238B07D95D}
		{0F7F2796-87AF-459E-B9D6-985372C708B5} = {4F3B5164-EB5D-4A87-A512-5A81088B50BE}
		{D432312C-CB01-4C7A-AAA1-51DFED9C481F} = {4F3B5164-EB5D-4A87-A512-5A81088B50BE}
		{D18DD7F8-AB88-41AC-A899-47BDADBCD924} = {4F3B5164-EB5D-4A87-A512-5A81088B50BE}
		{CC325316-4A3B-4289-868A-FCF3FB465019} = {4F3B5164-EB5D-4A87-A512-5A81088B50BE}
		{4A386CA5-46F1-4546-BFE9-0B6213C9A63C} = {4F3B5164-EB5D-4A87-A512-5A81088B50BE}
		{663714EE-3E6C-45B6-8BEE-49FF312C0530} = {4F3B5164-EB5D-4A87-A512-5A81088B50BE}
		{1D7E7D82-8987-458D-BF1E-5C52F96FBB90} = {4F3B5164-EB5D-4A87-A512-5A81088B50BE}
		{E0F8D332-E4D6-4DE8-87F0-F3DB4EB65EBB} = {4F3B5164-EB5D-4A87-A512-5A81088B50BE}
		{097A013D-2CC4-4D1B-A1DB-000DD5DB7B06} = {4F3B5164-EB5D-4A87-A512-5A81088B50BE}
		{1541FC66-7131-4137-ACE4-F73AD9A36467} = {4F3B5164-EB5D-4A87-A512-5A81088B50BE}
		{3D897CCB-E447-419F-8C98-E7621A81B47E} = {4F3B5164-EB5D-4A87-A512-5A81088B50BE}
		{D1A852E1-0CE9-469F-A6C4-9FD616E086B2} = {4F3B5164-EB5D-4A87-A512-5A81088B50BE}
	EndGlobalSection
EndGlobal
